PODS:
  - Realm (2.5.1):
    - Realm/Headers (= 2.5.1)
  - Realm/Headers (2.5.1)
  - RealmSwift (2.5.1):
    - Realm (= 2.5.1)

DEPENDENCIES:
  - RealmSwift

SPEC CHECKSUMS:
  Realm: 32f86104d37c8521f864d4274050b38ba6190733
  RealmSwift: f719e7511c902b8908593e8f143f59e47931bdb6

PODFILE CHECKSUM: 05f9272d65d473fca487efd801f08980ec286587

COCOAPODS: 1.1.1
